
Microsoft Visual Studio Solution File, Format Version 12.00
# Visual Studio Version 17
VisualStudioVersion = 17.3.32825.248
MinimumVisualStudioVersion = 10.0.40219.1
Project("{FAE04EC0-301F-11D3-BF4B-00C04F79EFBC}") = "FileWatcherConsole", "FileWatcherConsole\FileWatcherConsole.csproj", "{ECD248D5-B58A-4961-88C8-35A8DCD699C5}"
EndProject
Project("{FAE04EC0-301F-11D3-BF4B-00C04F79EFBC}") = "WatcherService", "WatcherService\WatcherService.csproj", "{8E5CC928-09C9-476B-91F9-7B9240C481AB}"
EndProject
Global
	GlobalSection(SolutionConfigurationPlatforms) = preSolution
		Debug|Any CPU = Debug|Any CPU
		Release|Any CPU = Release|Any CPU
	EndGlobalSection
	GlobalSection(ProjectConfigurationPlatforms) = postSolution
		{ECD248D5-B58A-4961-88C8-35A8DCD699C5}.Debug|Any CPU.ActiveCfg = Debug|Any CPU
		{ECD248D5-B58A-4961-88C8-35A8DCD699C5}.Debug|Any CPU.Build.0 = Debug|Any CPU
		{ECD248D5-B58A-4961-88C8-35A8DCD699C5}.Release|Any CPU.ActiveCfg = Release|Any CPU
		{ECD248D5-B58A-4961-88C8-35A8DCD699C5}.Release|Any CPU.Build.0 = Release|Any CPU
		{8E5CC928-09C9-476B-91F9-7B9240C481AB}.Debug|Any CPU.ActiveCfg = Debug|Any CPU
		{8E5CC928-09C9-476B-91F9-7B9240C481AB}.Debug|Any CPU.Build.0 = Debug|Any CPU
		{8E5CC928-09C9-476B-91F9-7B9240C481AB}.Release|Any CPU.ActiveCfg = Release|Any CPU
		{8E5CC928-09C9-476B-91F9-7B9240C481AB}.Release|Any CPU.Build.0 = Release|Any CPU
	EndGlobalSection
	GlobalSection(SolutionProperties) = preSolution
		HideSolutionNode = FALSE
	EndGlobalSection
	GlobalSection(ExtensibilityGlobals) = postSolution
		SolutionGuid = {619F0B09-FCAB-4A89-9B71-8713FC8DA5C3}
	EndGlobalSection
EndGlobal
